
Microsoft Visual Studio Solution File, Format Version 12.00
Project("{FAE04EC0-301F-11D3-BF4B-00C04F79EFBC}") = "LiveSeeder", "src\LiveSeeder\LiveSeeder.csproj", "{A0465BDD-0104-400E-90E2-47F42F812B26}"
EndProject
Project("{FAE04EC0-301F-11D3-BF4B-00C04F79EFBC}") = "LiveSeeder.Tests", "test\LiveSeeder.Tests\LiveSeeder.Tests.csproj", "{605FA557-9DCC-4209-93A1-B45A0AAB9FE5}"
EndProject
Global
	GlobalSection(SolutionConfigurationPlatforms) = preSolution
		Debug|Any CPU = Debug|Any CPU
		Release|Any CPU = Release|Any CPU
	EndGlobalSection
	GlobalSection(ProjectConfigurationPlatforms) = postSolution
		{A0465BDD-0104-400E-90E2-47F42F812B26}.Debug|Any CPU.ActiveCfg = Debug|Any CPU
		{A0465BDD-0104-400E-90E2-47F42F812B26}.Debug|Any CPU.Build.0 = Debug|Any CPU
		{A0465BDD-0104-400E-90E2-47F42F812B26}.Release|Any CPU.ActiveCfg = Release|Any CPU
		{A0465BDD-0104-400E-90E2-47F42F812B26}.Release|Any CPU.Build.0 = Release|Any CPU
		{605FA557-9DCC-4209-93A1-B45A0AAB9FE5}.Debug|Any CPU.ActiveCfg = Debug|Any CPU
		{605FA557-9DCC-4209-93A1-B45A0AAB9FE5}.Debug|Any CPU.Build.0 = Debug|Any CPU
		{605FA557-9DCC-4209-93A1-B45A0AAB9FE5}.Release|Any CPU.ActiveCfg = Release|Any CPU
		{605FA557-9DCC-4209-93A1-B45A0AAB9FE5}.Release|Any CPU.Build.0 = Release|Any CPU
	EndGlobalSection
EndGlobal
